// !$*UTF8*$!
{
	archiveVersion = 1;
	classes = {
	};
	objectVersion = 46;
	objects = {

/* Begin PBXBuildFile section */
		3F5EB9FA1BB4834200E2844F /* AppDelegate.swift in Sources */ = {isa = PBXBuildFile; fileRef = 3F5EB9F91BB4834200E2844F /* AppDelegate.swift */; };
		3F5EB9FC1BB4834200E2844F /* ViewController.swift in Sources */ = {isa = PBXBuildFile; fileRef = 3F5EB9FB1BB4834200E2844F /* ViewController.swift */; };
		3F5EB9FF1BB4834200E2844F /* Main.storyboard in Resources */ = {isa = PBXBuildFile; fileRef = 3F5EB9FD1BB4834200E2844F /* Main.storyboard */; };
		3F5EBA011BB4834200E2844F /* Images.xcassets in Resources */ = {isa = PBXBuildFile; fileRef = 3F5EBA001BB4834200E2844F /* Images.xcassets */; };
		3F5EBA041BB4834200E2844F /* LaunchScreen.xib in Resources */ = {isa = PBXBuildFile; fileRef = 3F5EBA021BB4834200E2844F /* LaunchScreen.xib */; };
		3F5EBA101BB4834200E2844F /* TipCalculatorTests.swift in Sources */ = {isa = PBXBuildFile; fileRef = 3F5EBA0F1BB4834200E2844F /* TipCalculatorTests.swift */; };
/* End PBXBuildFile section */

/* Begin PBXContainerItemProxy section */
		3F5EBA0A1BB4834200E2844F /* PBXContainerItemProxy */ = {
			isa = PBXContainerItemProxy;
			containerPortal = 3F5EB9EC1BB4834200E2844F /* Project object */;
			proxyType = 1;
			remoteGlobalIDString = 3F5EB9F31BB4834200E2844F;
			remoteInfo = TipCalculator;
		};
/* End PBXContainerItemProxy section */

/* Begin PBXFileReference section */
		3F5EB9F41BB4834200E2844F /* TipCalculator.app */ = {isa = PBXFileReference; explicitFileType = wrapper.application; includeInIndex = 0; path = TipCalculator.app; sourceTree = BUILT_PRODUCTS_DIR; };
		3F5EB9F81BB4834200E2844F /* Info.plist */ = {isa = PBXFileReference; lastKnownFileType = text.plist.xml; path = Info.plist; sourceTree = "<group>"; };
		3F5EB9F91BB4834200E2844F /* AppDelegate.swift */ = {isa = PBXFileReference; lastKnownFileType = sourcecode.swift; path = AppDelegate.swift; sourceTree = "<group>"; };
		3F5EB9FB1BB4834200E2844F /* ViewController.swift */ = {isa = PBXFileReference; lastKnownFileType = sourcecode.swift; path = ViewController.swift; sourceTree = "<group>"; };
		3F5EB9FE1BB4834200E2844F /* Base */ = {isa = PBXFileReference; lastKnownFileType = file.storyboard; name = Base; path = Base.lproj/Main.storyboard; sourceTree = "<group>"; };
		3F5EBA001BB4834200E2844F /* Images.xcassets */ = {isa = PBXFileReference; lastKnownFileType = folder.assetcatalog; path = Images.xcassets; sourceTree = "<group>"; };
		3F5EBA031BB4834200E2844F /* Base */ = {isa = PBXFileReference; lastKnownFileType = file.xib; name = Base; path = Base.lproj/LaunchScreen.xib; sourceTree = "<group>"; };
		3F5EBA091BB4834200E2844F /* TipCalculatorTests.xctest */ = {isa = PBXFileReference; explicitFileType = wrapper.cfbundle; includeInIndex = 0; path = TipCalculatorTests.xctest; sourceTree = BUILT_PRODUCTS_DIR; };
		3F5EBA0E1BB4834200E2844F /* Info.plist */ = {isa = PBXFileReference; lastKnownFileType = text.plist.xml; path = Info.plist; sourceTree = "<group>"; };
		3F5EBA0F1BB4834200E2844F /* TipCalculatorTests.swift */ = {isa = PBXFileReference; lastKnownFileType = sourcecode.swift; path = TipCalculatorTests.swift; sourceTree = "<group>"; };
/* End PBXFileReference section */

/* Begin PBXFrameworksBuildPhase section */
		3F5EB9F11BB4834200E2844F /* Frameworks */ = {
			isa = PBXFrameworksBuildPhase;
			buildActionMask = 2147483647;
			files = (
			);
			runOnlyForDeploymentPostprocessing = 0;
		};
		3F5EBA061BB4834200E2844F /* Frameworks */ = {
			isa = PBXFrameworksBuildPhase;
			buildActionMask = 2147483647;
			files = (
			);
			runOnlyForDeploymentPostprocessing = 0;
		};
/* End PBXFrameworksBuildPhase section */

/* Begin PBXGroup section */
		3F5EB9EB1BB4834200E2844F = {
			isa = PBXGroup;
			children = (
				3F5EB9F61BB4834200E2844F /* TipCalculator */,
				3F5EBA0C1BB4834200E2844F /* TipCalculatorTests */,
				3F5EB9F51BB4834200E2844F /* Products */,
			);
			sourceTree = "<group>";
		};
		3F5EB9F51BB4834200E2844F /* Products */ = {
			isa = PBXGroup;
			children = (
				3F5EB9F41BB4834200E2844F /* TipCalculator.app */,
				3F5EBA091BB4834200E2844F /* TipCalculatorTests.xctest */,
			);
			name = Products;
			sourceTree = "<group>";
		};
		3F5EB9F61BB4834200E2844F /* TipCalculator */ = {
			isa = PBXGroup;
			children = (
				3F5EB9F91BB4834200E2844F /* AppDelegate.swift */,
				3F5EB9FB1BB4834200E2844F /* ViewController.swift */,
				3F5EB9FD1BB4834200E2844F /* Main.storyboard */,
				3F5EBA001BB4834200E2844F /* Images.xcassets */,
				3F5EBA021BB4834200E2844F /* LaunchScreen.xib */,
				3F5EB9F71BB4834200E2844F /* Supporting Files */,
			);
			path = TipCalculator;
			sourceTree = "<group>";
		};
		3F5EB9F71BB4834200E2844F /* Supporting Files */ = {
			isa = PBXGroup;
			children = (
				3F5EB9F81BB4834200E2844F /* Info.plist */,
			);
			name = "Supporting Files";
			sourceTree = "<group>";
		};
		3F5EBA0C1BB4834200E2844F /* TipCalculatorTests */ = {
			isa = PBXGroup;
			children = (
				3F5EBA0F1BB4834200E2844F /* TipCalculatorTests.swift */,
				3F5EBA0D1BB4834200E2844F /* Supporting Files */,
			);
			path = TipCalculatorTests;
			sourceTree = "<group>";
		};
		3F5EBA0D1BB4834200E2844F /* Supporting Files */ = {
			isa = PBXGroup;
			children = (
				3F5EBA0E1BB4834200E2844F /* Info.plist */,
			);
			name = "Supporting Files";
			sourceTree = "<group>";
		};
/* End PBXGroup section */

/* Begin PBXNativeTarget section */
		3F5EB9F31BB4834200E2844F /* TipCalculator */ = {
			isa = PBXNativeTarget;
			buildConfigurationList = 3F5EBA131BB4834200E2844F /* Build configuration list for PBXNativeTarget "TipCalculator" */;
			buildPhases = (
				3F5EB9F01BB4834200E2844F /* Sources */,
				3F5EB9F11BB4834200E2844F /* Frameworks */,
				3F5EB9F21BB4834200E2844F /* Resources */,
			);
			buildRules = (
			);
			dependencies = (
			);
			name = TipCalculator;
			productName = TipCalculator;
			productReference = 3F5EB9F41BB4834200E2844F /* TipCalculator.app */;
			productType = "com.apple.product-type.application";
		};
		3F5EBA081BB4834200E2844F /* TipCalculatorTests */ = {
			isa = PBXNativeTarget;
			buildConfigurationList = 3F5EBA161BB4834200E2844F /* Build configuration list for PBXNativeTarget "TipCalculatorTests" */;
			buildPhases = (
				3F5EBA051BB4834200E2844F /* Sources */,
				3F5EBA061BB4834200E2844F /* Frameworks */,
				3F5EBA071BB4834200E2844F /* Resources */,
			);
			buildRules = (
			);
			dependencies = (
				3F5EBA0B1BB4834200E2844F /* PBXTargetDependency */,
			);
			name = TipCalculatorTests;
			productName = TipCalculatorTests;
			productReference = 3F5EBA091BB4834200E2844F /* TipCalculatorTests.xctest */;
			productType = "com.apple.product-type.bundle.unit-test";
		};
/* End PBXNativeTarget section */

/* Begin PBXProject section */
		3F5EB9EC1BB4834200E2844F /* Project object */ = {
			isa = PBXProject;
			attributes = {
				LastUpgradeCheck = 0640;
				ORGANIZATIONNAME = "Richie Gurgul";
				TargetAttributes = {
					3F5EB9F31BB4834200E2844F = {
						CreatedOnToolsVersion = 6.4;
					};
					3F5EBA081BB4834200E2844F = {
						CreatedOnToolsVersion = 6.4;
						TestTargetID = 3F5EB9F31BB4834200E2844F;
					};
				};
			};
			buildConfigurationList = 3F5EB9EF1BB4834200E2844F /* Build configuration list for PBXProject "TipCalculator" */;
			compatibilityVersion = "Xcode 3.2";
			developmentRegion = English;
			hasScannedForEncodings = 0;
			knownRegions = (
				en,
				Base,
			);
			mainGroup = 3F5EB9EB1BB4834200E2844F;
			productRefGroup = 3F5EB9F51BB4834200E2844F /* Products */;
			projectDirPath = "";
			projectRoot = "";
			targets = (
				3F5EB9F31BB4834200E2844F /* TipCalculator */,
				3F5EBA081BB4834200E2844F /* TipCalculatorTests */,
			);
		};
/* End PBXProject section */

/* Begin PBXResourcesBuildPhase section */
		3F5EB9F21BB4834200E2844F /* Resources */ = {
			isa = PBXResourcesBuildPhase;
			buildActionMask = 2147483647;
			files = (
				3F5EB9FF1BB4834200E2844F /* Main.storyboard in Resources */,
				3F5EBA041BB4834200E2844F /* LaunchScreen.xib in Resources */,
				3F5EBA011BB4834200E2844F /* Images.xcassets in Resources */,
			);
			runOnlyForDeploymentPostprocessing = 0;
		};
		3F5EBA071BB4834200E2844F /* Resources */ = {
			isa = PBXResourcesBuildPhase;
			buildActionMask = 2147483647;
			files = (
			);
			runOnlyForDeploymentPostprocessing = 0;
		};
/* End PBXResourcesBuildPhase section */

/* Begin PBXSourcesBuildPhase section */
		3F5EB9F01BB4834200E2844F /* Sources */ = {
			isa = PBXSourcesBuildPhase;
			buildActionMask = 2147483647;
			files = (
				3F5EB9FC1BB4834200E2844F /* ViewController.swift in Sources */,
				3F5EB9FA1BB4834200E2844F /* AppDelegate.swift in Sources */,
			);
			runOnlyForDeploymentPostprocessing = 0;
		};
		3F5EBA051BB4834200E2844F /* Sources */ = {
			isa = PBXSourcesBuildPhase;
			buildActionMask = 2147483647;
			files = (
				3F5EBA101BB4834200E2844F /* TipCalculatorTests.swift in Sources */,
			);
			runOnlyForDeploymentPostprocessing = 0;
		};
/* End PBXSourcesBuildPhase section */

/* Begin PBXTargetDependency section */
		3F5EBA0B1BB4834200E2844F /* PBXTargetDependency */ = {
			isa = PBXTargetDependency;
			target = 3F5EB9F31BB4834200E2844F /* TipCalculator */;
			targetProxy = 3F5EBA0A1BB4834200E2844F /* PBXContainerItemProxy */;
		};
/* End PBXTargetDependency section */

/* Begin PBXVariantGroup section */
		3F5EB9FD1BB4834200E2844F /* Main.storyboard */ = {
			isa = PBXVariantGroup;
			children = (
				3F5EB9FE1BB4834200E2844F /* Base */,
			);
			name = Main.storyboard;
			sourceTree = "<group>";
		};
		3F5EBA021BB4834200E2844F /* LaunchScreen.xib */ = {
			isa = PBXVariantGroup;
			children = (
				3F5EBA031BB4834200E2844F /* Base */,
			);
			name = LaunchScreen.xib;
			sourceTree = "<group>";
		};
/* End PBXVariantGroup section */

/* Begin XCBuildConfiguration section */
		3F5EBA111BB4834200E2844F /* Debug */ = {
			isa = XCBuildConfiguration;
			buildSettings = {
				ALWAYS_SEARCH_USER_PATHS = NO;
				CLANG_CXX_LANGUAGE_STANDARD = "gnu++0x";
				CLANG_CXX_LIBRARY = "libc++";
				CLANG_ENABLE_MODULES = YES;
				CLANG_ENABLE_OBJC_ARC = YES;
				CLANG_WARN_BOOL_CONVERSION = YES;
				CLANG_WARN_CONSTANT_CONVERSION = YES;
				CLANG_WARN_DIRECT_OBJC_ISA_USAGE = YES_ERROR;
				CLANG_WARN_EMPTY_BODY = YES;
				CLANG_WARN_ENUM_CONVERSION = YES;
				CLANG_WARN_INT_CONVERSION = YES;
				CLANG_WARN_OBJC_ROOT_CLASS = YES_ERROR;
				CLANG_WARN_UNREACHABLE_CODE = YES;
				CLANG_WARN__DUPLICATE_METHOD_MATCH = YES;
				"CODE_SIGN_IDENTITY[sdk=iphoneos*]" = "iPhone Developer";
				COPY_PHASE_STRIP = NO;
				DEBUG_INFORMATION_FORMAT = "dwarf-with-dsym";
				ENABLE_STRICT_OBJC_MSGSEND = YES;
				GCC_C_LANGUAGE_STANDARD = gnu99;
				GCC_DYNAMIC_NO_PIC = NO;
				GCC_NO_COMMON_BLOCKS = YES;
				GCC_OPTIMIZATION_LEVEL = 0;
				GCC_PREPROCESSOR_DEFINITIONS = (
					"DEBUG=1",
					"$(inherited)",
				);
				GCC_SYMBOLS_PRIVATE_EXTERN = NO;
				GCC_WARN_64_TO_32_BIT_CONVERSION = YES;
				GCC_WARN_ABOUT_RETURN_TYPE = YES_ERROR;
				GCC_WARN_UNDECLARED_SELECTOR = YES;
				GCC_WARN_UNINITIALIZED_AUTOS = YES_AGGRESSIVE;
				GCC_WARN_UNUSED_FUNCTION = YES;
				GCC_WARN_UNUSED_VARIABLE = YES;
				IPHONEOS_DEPLOYMENT_TARGET = 8.4;
				MTL_ENABLE_DEBUG_INFO = YES;
				ONLY_ACTIVE_ARCH = YES;
				SDKROOT = iphoneos;
				SWIFT_OPTIMIZATION_LEVEL = "-Onone";
				TARGETED_DEVICE_FAMILY = "1,2";
			};
			name = Debug;
		};
		3F5EBA121BB4834200E2844F /* Release */ = {
			isa = XCBuildConfiguration;
			buildSettings = {
				ALWAYS_SEARCH_USER_PATHS = NO;
				CLANG_CXX_LANGUAGE_STANDARD = "gnu++0x";
				CLANG_CXX_LIBRARY = "libc++";
				CLANG_ENABLE_MODULES = YES;
				CLANG_ENABLE_OBJC_ARC = YES;
				CLANG_WARN_BOOL_CONVERSION = YES;
				CLANG_WARN_CONSTANT_CONVERSION = YES;
				CLANG_WARN_DIRECT_OBJC_ISA_USAGE = YES_ERROR;
				CLANG_WARN_EMPTY_BODY = YES;
				CLANG_WARN_ENUM_CONVERSION = YES;
				CLANG_WARN_INT_CONVERSION = YES;
				CLANG_WARN_OBJC_ROOT_CLASS = YES_ERROR;
				CLANG_WARN_UNREACHABLE_CODE = YES;
				CLANG_WARN__DUPLICATE_METHOD_MATCH = YES;
				"CODE_SIGN_IDENTITY[sdk=iphoneos*]" = "iPhone Developer";
				COPY_PHASE_STRIP = NO;
				DEBUG_INFORMATION_FORMAT = "dwarf-with-dsym";
				ENABLE_NS_ASSERTIONS = NO;
				ENABLE_STRICT_OBJC_MSGSEND = YES;
				GCC_C_LANGUAGE_STANDARD = gnu99;
				GCC_NO_COMMON_BLOCKS = YES;
				GCC_WARN_64_TO_32_BIT_CONVERSION = YES;
				GCC_WARN_ABOUT_RETURN_TYPE = YES_ERROR;
				GCC_WARN_UNDECLARED_SELECTOR = YES;
				GCC_WARN_UNINITIALIZED_AUTOS = YES_AGGRESSIVE;
				GCC_WARN_UNUSED_FUNCTION = YES;
				GCC_WARN_UNUSED_VARIABLE = YES;
				IPHONEOS_DEPLOYMENT_TARGET = 8.4;
				MTL_ENABLE_DEBUG_INFO = NO;
				SDKROOT = iphoneos;
				TARGETED_DEVICE_FAMILY = "1,2";
				VALIDATE_PRODUCT = YES;
			};
			name = Release;
		};
		3F5EBA141BB4834200E2844F /* Debug */ = {
			isa = XCBuildConfiguration;
			buildSettings = {
				ASSETCATALOG_COMPILER_APPICON_NAME = AppIcon;
				INFOPLIST_FILE = TipCalculator/Info.plist;
				LD_RUNPATH_SEARCH_PATHS = "$(inherited) @executable_path/Frameworks";
				PRODUCT_NAME = "$(TARGET_NAME)";
			};
			name = Debug;
		};
		3F5EBA151BB4834200E2844F /* Release */ = {
			isa = XCBuildConfiguration;
			buildSettings = {
				ASSETCATALOG_COMPILER_APPICON_NAME = AppIcon;
				INFOPLIST_FILE = TipCalculator/Info.plist;
				LD_RUNPATH_SEARCH_PATHS = "$(inherited) @executable_path/Frameworks";
				PRODUCT_NAME = "$(TARGET_NAME)";
			};
			name = Release;
		};
		3F5EBA171BB4834200E2844F /* Debug */ = {
			isa = XCBuildConfiguration;
			buildSettings = {
				BUNDLE_LOADER = "$(TEST_HOST)";
				FRAMEWORK_SEARCH_PATHS = (
					"$(SDKROOT)/Developer/Library/Frameworks",
					"$(inherited)",
				);
				GCC_PREPROCESSOR_DEFINITIONS = (
					"DEBUG=1",
					"$(inherited)",
				);
				INFOPLIST_FILE = TipCalculatorTests/Info.plist;
				LD_RUNPATH_SEARCH_PATHS = "$(inherited) @executable_path/Frameworks @loader_path/Frameworks";
				PRODUCT_NAME = "$(TARGET_NAME)";
				TEST_HOST = "$(BUILT_PRODUCTS_DIR)/TipCalculator.app/TipCalculator";
			};
			name = Debug;
		};
		3F5EBA181BB4834200E2844F /* Release */ = {
			isa = XCBuildConfiguration;
			buildSettings = {
				BUNDLE_LOADER = "$(TEST_HOST)";
				FRAMEWORK_SEARCH_PATHS = (
					"$(SDKROOT)/Developer/Library/Frameworks",
					"$(inherited)",
				);
				INFOPLIST_FILE = TipCalculatorTests/Info.plist;
				LD_RUNPATH_SEARCH_PATHS = "$(inherited) @executable_path/Frameworks @loader_path/Frameworks";
				PRODUCT_NAME = "$(TARGET_NAME)";
				TEST_HOST = "$(BUILT_PRODUCTS_DIR)/TipCalculator.app/TipCalculator";
			};
			name = Release;
		};
/* End XCBuildConfiguration section */

/* Begin XCConfigurationList section */
		3F5EB9EF1BB4834200E2844F /* Build configuration list for PBXProject "TipCalculator" */ = {
			isa = XCConfigurationList;
			buildConfigurations = (
				3F5EBA111BB4834200E2844F /* Debug */,
				3F5EBA121BB4834200E2844F /* Release */,
			);
			defaultConfigurationIsVisible = 0;
			defaultConfigurationName = Release;
		};
		3F5EBA131BB4834200E2844F /* Build configuration list for PBXNativeTarget "TipCalculator" */ = {
			isa = XCConfigurationList;
			buildConfigurations = (
				3F5EBA141BB4834200E2844F /* Debug */,
				3F5EBA151BB4834200E2844F /* Release */,
			);
			defaultConfigurationIsVisible = 0;
		};
		3F5EBA161BB4834200E2844F /* Build configuration list for PBXNativeTarget "TipCalculatorTests" */ = {
			isa = XCConfigurationList;
			buildConfigurations = (
				3F5EBA171BB4834200E2844F /* Debug */,
				3F5EBA181BB4834200E2844F /* Release */,
			);
			defaultConfigurationIsVisible = 0;
		};
/* End XCConfigurationList section */
	};
	rootObject = 3F5EB9EC1BB4834200E2844F /* Project object */;
}
